<Solution>
  <Folder Name="/src/">
    <Project Path="src/Bashkit.Cli/Bashkit.Cli.csproj" />
    <Project Path="src/Bashkit/Bashkit.csproj" />
    <Project Path="src/Monty.Cli/Monty.Cli.csproj" />
    <Project Path="src/Monty/Monty.csproj" />
  </Folder>
  <Folder Name="/tests/">
    <Project Path="tests/Bashkit.SpecTests/Bashkit.SpecTests.csproj" />
    <Project Path="tests/Bashkit.Tests/Bashkit.Tests.csproj" />
    <Project Path="tests/Monty.SpecTests/Monty.SpecTests.csproj" />
  </Folder>
</Solution>
