lockfileVersion: '9.0'

settings:
  autoInstallPeers: true
  excludeLinksFromLockfile: false

importers:

  .:
    dependencies:
      '@everruns/bashkit':
        specifier: latest
        version: 0.16.0(@emnapi/core@1.10.0)(@emnapi/runtime@1.10.0)

packages:

  '@emnapi/core@1.10.0':
    resolution: {integrity: sha512-yq6OkJ4p82CAfPl0u9mQebQHKPJkY7WrIuk205cTYnYe+k2Z8YBh11FrbRG/H6ihirqcacOgl2BIO8oyMQLeXw==}

  '@emnapi/runtime@1.10.0':
    resolution: {integrity: sha512-ewvYlk86xUoGI0zQRNq/mC+16R1QeDlKQy21Ki3oSYXNgLb45GV1P6A0M+/s6nyCuNDqe5VpaY84BzXGwVbwFA==}

  '@emnapi/wasi-threads@1.2.1':
    resolution: {integrity: sha512-uTII7OYF+/Mes/MrcIOYp5yOtSMLBWSIoLPpcgwipoiKbli6k322tcoFsxoIIxPDqW01SQGAgko4EzZi2BNv2w==}

  '@everruns/bashkit@0.16.0':
    resolution: {integrity: sha512-Zafi1lGT209yEq022zaT82eA54flCJpyBq1lm67MEQU2NGUobKHMKXbtgIrcwbdlwULqQykvhdXJOABB0GNs+A==}
    engines: {node: '>= 18'}
    peerDependencies:
      '@langchain/core': '>=0.3'
      zod: '>=3'
    peerDependenciesMeta:
      '@langchain/core':
        optional: true
      zod:
        optional: true

  '@napi-rs/wasm-runtime@1.2.3':
    resolution: {integrity: sha512-UMduMbqO5s5zF2NkNacMT/yK5Y5QiKvWr2+50bzIIxFDwVJ2h49b+oyjaCGPhJxd2/gC2x39EHv/gHVuu36x2Q==}
    engines: {node: ^20.19.0 || ^22.13.0 || >=23.5.0}
    peerDependencies:
      '@emnapi/core': ^1.7.1 || ^2.0.0-alpha.4
      '@emnapi/runtime': ^1.7.1 || ^2.0.0-alpha.4

  '@tybys/wasm-util@0.10.3':
    resolution: {integrity: sha512-F3fo1MYrRJYL3zER0OUOmkutjr1Vp23m7OsSgp7nq4SP6OqX6C/56XFIPAl5bt3zaBRjmW7SGz3u/6LwFpYcOg==}

  tslib@2.8.1:
    resolution: {integrity: sha512-oJFu94HQb+KVduSUQL7wnpmqnfmLsOA/nAh6b6EH0wCEoK0/mPeXU6c3wKDV83MkOuHPRHtSXKKU99IBazS/2w==}

snapshots:

  '@emnapi/core@1.10.0':
    dependencies:
      '@emnapi/wasi-threads': 1.2.1
      tslib: 2.8.1
    optional: true

  '@emnapi/runtime@1.10.0':
    dependencies:
      tslib: 2.8.1
    optional: true

  '@emnapi/wasi-threads@1.2.1':
    dependencies:
      tslib: 2.8.1
    optional: true

  '@everruns/bashkit@0.16.0(@emnapi/core@1.10.0)(@emnapi/runtime@1.10.0)':
    optionalDependencies:
      '@napi-rs/wasm-runtime': 1.2.3(@emnapi/core@1.10.0)(@emnapi/runtime@1.10.0)
    transitivePeerDependencies:
      - '@emnapi/core'
      - '@emnapi/runtime'

  '@napi-rs/wasm-runtime@1.2.3(@emnapi/core@1.10.0)(@emnapi/runtime@1.10.0)':
    dependencies:
      '@emnapi/core': 1.10.0
      '@emnapi/runtime': 1.10.0
      '@tybys/wasm-util': 0.10.3
    optional: true

  '@tybys/wasm-util@0.10.3':
    dependencies:
      tslib: 2.8.1
    optional: true

  tslib@2.8.1:
    optional: true
